
Microsoft Visual Studio Solution File, Format Version 12.00
# Visual Studio Version 17
VisualStudioVersion = 17.14.36221.1
MinimumVisualStudioVersion = 10.0.40219.1
Project("{FAE04EC0-301F-11D3-BF4B-00C04F79EFBC}") = "WebServer", "src\WebServer\WebServer.csproj", "{4ADA84C6-FDE6-4C7D-80AD-D314E06CCB18}"
EndProject
Project("{2150E333-8FDC-42A3-9474-1A3956D46DE8}") = "Solution Items", "Solution Items", "{8EC462FD-D22E-90A8-E5CE-7E832BA40C5D}"
	ProjectSection(SolutionItems) = preProject
		CodeAnalysisDictionary.xml = CodeAnalysisDictionary.xml
		Directory.Build.props = Directory.Build.props
		Directory.Packages.props = Directory.Packages.props
	EndProjectSection
EndProject
Project("{FAE04EC0-301F-11D3-BF4B-00C04F79EFBC}") = "Controls", "src\Controls\Controls.csproj", "{F52183DE-708C-4ABC-A118-5A875E89E9BE}"
EndProject
Project("{FAE04EC0-301F-11D3-BF4B-00C04F79EFBC}") = "WebOIUtilities", "src\WebOIUtilities\WebOIUtilities.csproj", "{8E4632EE-1B3C-4E8E-B4C2-B9864A63B896}"
EndProject
Project("{FAE04EC0-301F-11D3-BF4B-00C04F79EFBC}") = "SharedDomain", "src\SharedDomain\SharedDomain.csproj", "{AE11EE4D-365C-8E3F-D518-A7AEB5257D2A}"
EndProject
Project("{2150E333-8FDC-42A3-9474-1A3956D46DE8}") = "electron", "electron", "{02EA681E-C7D8-13C7-8484-4AC65E1B71E8}"
	ProjectSection(SolutionItems) = preProject
		electron\all-components-bundle.min.js = electron\all-components-bundle.min.js
		electron\electron-app.css = electron\electron-app.css
		electron\error.html = electron\error.html
		electron\loader.html = electron\loader.html
		electron\main.js = electron\main.js
		electron\package-lock.json = electron\package-lock.json
		electron\package.json = electron\package.json
		electron\preload.js = electron\preload.js
	EndProjectSection
EndProject
Project("{2150E333-8FDC-42A3-9474-1A3956D46DE8}") = "assets", "assets", "{6E05EF17-8E51-4DB1-B2F0-8B83D1CF27C8}"
	ProjectSection(SolutionItems) = preProject
		electron\assets\teststand_64bit.ico = electron\assets\teststand_64bit.ico
	EndProjectSection
EndProject
Project("{2150E333-8FDC-42A3-9474-1A3956D46DE8}") = "Protos", "Protos", "{F3516EF3-2207-4739-9907-3370005EC90E}"
	ProjectSection(SolutionItems) = preProject
		Protos\buf.yaml = Protos\buf.yaml
	EndProjectSection
EndProject
Project("{2150E333-8FDC-42A3-9474-1A3956D46DE8}") = "ni", "ni", "{8013B0CB-53E9-4D4D-AE1A-562CCE02EEC7}"
EndProject
Project("{2150E333-8FDC-42A3-9474-1A3956D46DE8}") = "sequencing", "sequencing", "{822CFFCD-03CE-4EC6-B448-E0EF61CAF0A4}"
EndProject
Project("{2150E333-8FDC-42A3-9474-1A3956D46DE8}") = "v2", "v2", "{F3F9EDEB-5217-438E-AA8C-ACB44D95DEA6}"
	ProjectSection(SolutionItems) = preProject
		Protos\ni\sequencing\v2\sequencing.proto = Protos\ni\sequencing\v2\sequencing.proto
		Protos\ni\sequencing\v2\sequencing_service_advanced.proto = Protos\ni\sequencing\v2\sequencing_service_advanced.proto
		Protos\ni\sequencing\v2\user_management_service.proto = Protos\ni\sequencing\v2\user_management_service.proto
	EndProjectSection
EndProject
Global
	GlobalSection(SolutionConfigurationPlatforms) = preSolution
		Debug|Any CPU = Debug|Any CPU
		Release|Any CPU = Release|Any CPU
	EndGlobalSection
	GlobalSection(ProjectConfigurationPlatforms) = postSolution
		{4ADA84C6-FDE6-4C7D-80AD-D314E06CCB18}.Debug|Any CPU.ActiveCfg = Debug|Any CPU
		{4ADA84C6-FDE6-4C7D-80AD-D314E06CCB18}.Debug|Any CPU.Build.0 = Debug|Any CPU
		{4ADA84C6-FDE6-4C7D-80AD-D314E06CCB18}.Release|Any CPU.ActiveCfg = Release|Any CPU
		{4ADA84C6-FDE6-4C7D-80AD-D314E06CCB18}.Release|Any CPU.Build.0 = Release|Any CPU
		{F52183DE-708C-4ABC-A118-5A875E89E9BE}.Debug|Any CPU.ActiveCfg = Debug|Any CPU
		{F52183DE-708C-4ABC-A118-5A875E89E9BE}.Debug|Any CPU.Build.0 = Debug|Any CPU
		{F52183DE-708C-4ABC-A118-5A875E89E9BE}.Release|Any CPU.ActiveCfg = Release|Any CPU
		{F52183DE-708C-4ABC-A118-5A875E89E9BE}.Release|Any CPU.Build.0 = Release|Any CPU
		{8E4632EE-1B3C-4E8E-B4C2-B9864A63B896}.Debug|Any CPU.ActiveCfg = Debug|Any CPU
		{8E4632EE-1B3C-4E8E-B4C2-B9864A63B896}.Debug|Any CPU.Build.0 = Debug|Any CPU
		{8E4632EE-1B3C-4E8E-B4C2-B9864A63B896}.Release|Any CPU.ActiveCfg = Release|Any CPU
		{8E4632EE-1B3C-4E8E-B4C2-B9864A63B896}.Release|Any CPU.Build.0 = Release|Any CPU
		{AE11EE4D-365C-8E3F-D518-A7AEB5257D2A}.Debug|Any CPU.ActiveCfg = Debug|Any CPU
		{AE11EE4D-365C-8E3F-D518-A7AEB5257D2A}.Debug|Any CPU.Build.0 = Debug|Any CPU
		{AE11EE4D-365C-8E3F-D518-A7AEB5257D2A}.Release|Any CPU.ActiveCfg = Release|Any CPU
		{AE11EE4D-365C-8E3F-D518-A7AEB5257D2A}.Release|Any CPU.Build.0 = Release|Any CPU
	EndGlobalSection
	GlobalSection(SolutionProperties) = preSolution
		HideSolutionNode = FALSE
	EndGlobalSection
	GlobalSection(NestedProjects) = preSolution
		{6E05EF17-8E51-4DB1-B2F0-8B83D1CF27C8} = {02EA681E-C7D8-13C7-8484-4AC65E1B71E8}
		{8013B0CB-53E9-4D4D-AE1A-562CCE02EEC7} = {F3516EF3-2207-4739-9907-3370005EC90E}
		{822CFFCD-03CE-4EC6-B448-E0EF61CAF0A4} = {8013B0CB-53E9-4D4D-AE1A-562CCE02EEC7}
		{F3F9EDEB-5217-438E-AA8C-ACB44D95DEA6} = {822CFFCD-03CE-4EC6-B448-E0EF61CAF0A4}
	EndGlobalSection
	GlobalSection(ExtensibilityGlobals) = postSolution
		SolutionGuid = {DDD4E1E2-D655-4B20-976A-42003D1FF1C9}
	EndGlobalSection
EndGlobal
